
Microsoft Visual Studio Solution File, Format Version 12.00
# Visual Studio Version 17
VisualStudioVersion = 17.0.33530.339
MinimumVisualStudioVersion = 10.0.40219.1
Project("{9A19103F-16F7-4668-BE54-9A1E7A4F7556}") = "shopify-sqs-poc", "SQSDemo\shopify-sqs-poc.csproj", "{652AA457-4110-45C7-A060-832DFEEDA12C}"
EndProject
Global
	GlobalSection(SolutionConfigurationPlatforms) = preSolution
		Debug|Any CPU = Debug|Any CPU
		Release|Any CPU = Release|Any CPU
	EndGlobalSection
	GlobalSection(ProjectConfigurationPlatforms) = postSolution
		{652AA457-4110-45C7-A060-832DFEEDA12C}.Debug|Any CPU.ActiveCfg = Debug|Any CPU
		{652AA457-4110-45C7-A060-832DFEEDA12C}.Debug|Any CPU.Build.0 = Debug|Any CPU
		{652AA457-4110-45C7-A060-832DFEEDA12C}.Release|Any CPU.ActiveCfg = Release|Any CPU
		{652AA457-4110-45C7-A060-832DFEEDA12C}.Release|Any CPU.Build.0 = Release|Any CPU
	EndGlobalSection
	GlobalSection(SolutionProperties) = preSolution
		HideSolutionNode = FALSE
	EndGlobalSection
	GlobalSection(ExtensibilityGlobals) = postSolution
		SolutionGuid = {436CD277-CE8C-497C-8954-4362F4B790F7}
	EndGlobalSection
EndGlobal
